
Microsoft Visual Studio Solution File, Format Version 12.00
# Visual Studio Version 16
VisualStudioVersion = 16.0.31205.134
MinimumVisualStudioVersion = 10.0.40219.1
Project("{FAE04EC0-301F-11D3-BF4B-00C04F79EFBC}") = "ListaClientes", "ListaClientes\ListaClientes.csproj", "{9E528967-8487-4B6E-A382-85EDE39117D2}"
EndProject
Global
	GlobalSection(SolutionConfigurationPlatforms) = preSolution
		Debug|Any CPU = Debug|Any CPU
		Release|Any CPU = Release|Any CPU
	EndGlobalSection
	GlobalSection(ProjectConfigurationPlatforms) = postSolution
		{9E528967-8487-4B6E-A382-85EDE39117D2}.Debug|Any CPU.ActiveCfg = Debug|Any CPU
		{9E528967-8487-4B6E-A382-85EDE39117D2}.Debug|Any CPU.Build.0 = Debug|Any CPU
		{9E528967-8487-4B6E-A382-85EDE39117D2}.Release|Any CPU.ActiveCfg = Release|Any CPU
		{9E528967-8487-4B6E-A382-85EDE39117D2}.Release|Any CPU.Build.0 = Release|Any CPU
	EndGlobalSection
	GlobalSection(SolutionProperties) = preSolution
		HideSolutionNode = FALSE
	EndGlobalSection
	GlobalSection(ExtensibilityGlobals) = postSolution
		SolutionGuid = {4644203E-A930-4C30-B150-C7484F7291ED}
	EndGlobalSection
EndGlobal
